{
  "name": "Digital S 5 (kb)",
  "lockfileVersion": 3,
  "requires": true,
  "packages": {
    "": {
      "devDependencies": {
        "@types/react-custom-scrollbars": "^4.0.13"
      }
    },
    "node_modules/@types/react": {
      "version": "19.0.1",
      "resolved": "https://registry.npmjs.org/@types/react/-/react-19.0.1.tgz",
      "integrity": "sha512-YW6614BDhqbpR5KtUYzTA+zlA7nayzJRA9ljz9CQoxthR0sDisYZLuvSMsil36t4EH/uAt8T52Xb4sVw17G+SQ==",
      "dev": true,
      "dependencies": {
        "csstype": "^3.0.2"
      }
    },
    "node_modules/@types/react-custom-scrollbars": {
      "version": "4.0.13",
      "resolved": "https://registry.npmjs.org/@types/react-custom-scrollbars/-/react-custom-scrollbars-4.0.13.tgz",
      "integrity": "sha512-t+15reWgAE1jXlrhaZoxjuH/SQf+EG0rzAzSCzTIkSiP5CDT7KhoExNPwIa6uUxtPkjc3gdW/ry7GetLEwCfGA==",
      "dev": true,
      "dependencies": {
        "@types/react": "*"
      }
    },
    "node_modules/csstype": {
      "version": "3.1.3",
      "resolved": "https://registry.npmjs.org/csstype/-/csstype-3.1.3.tgz",
      "integrity": "sha512-M1uQkMl8rQK/szD0LNhtqxIPLpimGm8sOBwU7lLnCpSbTyY3yeU1Vc7l4KT5zT4s/yOxHH5O7tIuuLOCnLADRw==",
      "dev": true
    }
  }
}
